
Microsoft Visual Studio Solution File, Format Version 12.00
# Visual Studio Version 17
VisualStudioVersion = 17.13.35828.75 d17.13
MinimumVisualStudioVersion = 10.0.40219.1
Project("{FAE04EC0-301F-11D3-BF4B-00C04F79EFBC}") = "Ghalam", "Ghalam\Ghalam.csproj", "{88D66CA6-E727-499E-9625-BDFF0B8E7020}"
EndProject
Global
	GlobalSection(SolutionConfigurationPlatforms) = preSolution
		Debug|Any CPU = Debug|Any CPU
		Release|Any CPU = Release|Any CPU
	EndGlobalSection
	GlobalSection(ProjectConfigurationPlatforms) = postSolution
		{88D66CA6-E727-499E-9625-BDFF0B8E7020}.Debug|Any CPU.ActiveCfg = Debug|Any CPU
		{88D66CA6-E727-499E-9625-BDFF0B8E7020}.Debug|Any CPU.Build.0 = Debug|Any CPU
		{88D66CA6-E727-499E-9625-BDFF0B8E7020}.Release|Any CPU.ActiveCfg = Release|Any CPU
		{88D66CA6-E727-499E-9625-BDFF0B8E7020}.Release|Any CPU.Build.0 = Release|Any CPU
	EndGlobalSection
	GlobalSection(SolutionProperties) = preSolution
		HideSolutionNode = FALSE
	EndGlobalSection
	GlobalSection(ExtensibilityGlobals) = postSolution
		SolutionGuid = {90894D66-9D31-4EBD-B41D-FC4D1D8539E9}
	EndGlobalSection
EndGlobal
